
Microsoft Visual Studio Solution File, Format Version 12.00
# Visual Studio Version 17
VisualStudioVersion = 17.7.34024.191
MinimumVisualStudioVersion = 10.0.40219.1
Project("{9A19103F-16F7-4668-BE54-9A1E7A4F7556}") = "Music.Catalog.Lab3", "Music.Catalog.Lab3\Music.Catalog.Lab3.csproj", "{3E71F006-0FF0-487A-BCBC-9763325CDCAA}"
EndProject
Project("{9A19103F-16F7-4668-BE54-9A1E7A4F7556}") = "Testing", "Testing\Testing.csproj", "{56A9EDC3-0B4C-4365-858E-018DF207A912}"
EndProject
Global
	GlobalSection(SolutionConfigurationPlatforms) = preSolution
		Debug|Any CPU = Debug|Any CPU
		Release|Any CPU = Release|Any CPU
	EndGlobalSection
	GlobalSection(ProjectConfigurationPlatforms) = postSolution
		{3E71F006-0FF0-487A-BCBC-9763325CDCAA}.Debug|Any CPU.ActiveCfg = Debug|Any CPU
		{3E71F006-0FF0-487A-BCBC-9763325CDCAA}.Debug|Any CPU.Build.0 = Debug|Any CPU
		{3E71F006-0FF0-487A-BCBC-9763325CDCAA}.Release|Any CPU.ActiveCfg = Release|Any CPU
		{3E71F006-0FF0-487A-BCBC-9763325CDCAA}.Release|Any CPU.Build.0 = Release|Any CPU
		{56A9EDC3-0B4C-4365-858E-018DF207A912}.Debug|Any CPU.ActiveCfg = Debug|Any CPU
		{56A9EDC3-0B4C-4365-858E-018DF207A912}.Debug|Any CPU.Build.0 = Debug|Any CPU
		{56A9EDC3-0B4C-4365-858E-018DF207A912}.Release|Any CPU.ActiveCfg = Release|Any CPU
		{56A9EDC3-0B4C-4365-858E-018DF207A912}.Release|Any CPU.Build.0 = Release|Any CPU
	EndGlobalSection
	GlobalSection(SolutionProperties) = preSolution
		HideSolutionNode = FALSE
	EndGlobalSection
	GlobalSection(ExtensibilityGlobals) = postSolution
		SolutionGuid = {E7B271FD-636C-41C2-86C7-DE5E7E6F9C83}
	EndGlobalSection
EndGlobal
